
Microsoft Visual Studio Solution File, Format Version 12.00
# Visual Studio Version 17
VisualStudioVersion = 17.7.34202.233
MinimumVisualStudioVersion = 10.0.40219.1
Project("{FAE04EC0-301F-11D3-BF4B-00C04F79EFBC}") = "Age in Dog Years (Numerical Exercise)", "Age in Dog Years (Numerical Exercise).csproj", "{493F8A50-C9B0-4D67-B174-BBF423986592}"
EndProject
Global
	GlobalSection(SolutionConfigurationPlatforms) = preSolution
		Debug|Any CPU = Debug|Any CPU
		Release|Any CPU = Release|Any CPU
	EndGlobalSection
	GlobalSection(ProjectConfigurationPlatforms) = postSolution
		{493F8A50-C9B0-4D67-B174-BBF423986592}.Debug|Any CPU.ActiveCfg = Debug|Any CPU
		{493F8A50-C9B0-4D67-B174-BBF423986592}.Debug|Any CPU.Build.0 = Debug|Any CPU
		{493F8A50-C9B0-4D67-B174-BBF423986592}.Release|Any CPU.ActiveCfg = Release|Any CPU
		{493F8A50-C9B0-4D67-B174-BBF423986592}.Release|Any CPU.Build.0 = Release|Any CPU
	EndGlobalSection
	GlobalSection(SolutionProperties) = preSolution
		HideSolutionNode = FALSE
	EndGlobalSection
	GlobalSection(ExtensibilityGlobals) = postSolution
		SolutionGuid = {8E30B88E-8EF2-4E01-9A18-0154884CA7B2}
	EndGlobalSection
EndGlobal
