
Microsoft Visual Studio Solution File, Format Version 12.00
# Visual Studio Version 17
VisualStudioVersion = 17.7.34202.233
MinimumVisualStudioVersion = 10.0.40219.1
Project("{FAE04EC0-301F-11D3-BF4B-00C04F79EFBC}") = "PizzaShop (Numerical Exercise)", "PizzaShop (Numerical Exercise).csproj", "{789C3536-A284-4F88-B377-262987FD2120}"
EndProject
Global
	GlobalSection(SolutionConfigurationPlatforms) = preSolution
		Debug|Any CPU = Debug|Any CPU
		Release|Any CPU = Release|Any CPU
	EndGlobalSection
	GlobalSection(ProjectConfigurationPlatforms) = postSolution
		{789C3536-A284-4F88-B377-262987FD2120}.Debug|Any CPU.ActiveCfg = Debug|Any CPU
		{789C3536-A284-4F88-B377-262987FD2120}.Debug|Any CPU.Build.0 = Debug|Any CPU
		{789C3536-A284-4F88-B377-262987FD2120}.Release|Any CPU.ActiveCfg = Release|Any CPU
		{789C3536-A284-4F88-B377-262987FD2120}.Release|Any CPU.Build.0 = Release|Any CPU
	EndGlobalSection
	GlobalSection(SolutionProperties) = preSolution
		HideSolutionNode = FALSE
	EndGlobalSection
	GlobalSection(ExtensibilityGlobals) = postSolution
		SolutionGuid = {DA5B5E9A-1F73-47E0-A99C-4A5FDF39E6D5}
	EndGlobalSection
EndGlobal
