
Microsoft Visual Studio Solution File, Format Version 12.00
# Visual Studio Version 17
VisualStudioVersion = 17.7.34202.233
MinimumVisualStudioVersion = 10.0.40219.1
Project("{FAE04EC0-301F-11D3-BF4B-00C04F79EFBC}") = "Using Documentations (Numerical Exercise)", "Using Documentations (Numerical Exercise).csproj", "{D1FCB132-AA40-463A-A532-F9FC30FFBE58}"
EndProject
Global
	GlobalSection(SolutionConfigurationPlatforms) = preSolution
		Debug|Any CPU = Debug|Any CPU
		Release|Any CPU = Release|Any CPU
	EndGlobalSection
	GlobalSection(ProjectConfigurationPlatforms) = postSolution
		{D1FCB132-AA40-463A-A532-F9FC30FFBE58}.Debug|Any CPU.ActiveCfg = Debug|Any CPU
		{D1FCB132-AA40-463A-A532-F9FC30FFBE58}.Debug|Any CPU.Build.0 = Debug|Any CPU
		{D1FCB132-AA40-463A-A532-F9FC30FFBE58}.Release|Any CPU.ActiveCfg = Release|Any CPU
		{D1FCB132-AA40-463A-A532-F9FC30FFBE58}.Release|Any CPU.Build.0 = Release|Any CPU
	EndGlobalSection
	GlobalSection(SolutionProperties) = preSolution
		HideSolutionNode = FALSE
	EndGlobalSection
	GlobalSection(ExtensibilityGlobals) = postSolution
		SolutionGuid = {5E845243-451E-40C1-AC66-151780FC168B}
	EndGlobalSection
EndGlobal
